
Microsoft Visual Studio Solution File, Format Version 12.00
# Visual Studio Version 17
VisualStudioVersion = 17.14.36930.0 d17.14
MinimumVisualStudioVersion = 10.0.40219.1
Project("{FAE04EC0-301F-11D3-BF4B-00C04F79EFBC}") = "UmweltMonitor3000", "UmweltMonitor3000.csproj", "{99F2A620-3F8D-4B91-B81C-5E13FF6A9D60}"
EndProject
Global
	GlobalSection(SolutionConfigurationPlatforms) = preSolution
		Debug|Any CPU = Debug|Any CPU
		Release|Any CPU = Release|Any CPU
	EndGlobalSection
	GlobalSection(ProjectConfigurationPlatforms) = postSolution
		{99F2A620-3F8D-4B91-B81C-5E13FF6A9D60}.Debug|Any CPU.ActiveCfg = Debug|Any CPU
		{99F2A620-3F8D-4B91-B81C-5E13FF6A9D60}.Debug|Any CPU.Build.0 = Debug|Any CPU
		{99F2A620-3F8D-4B91-B81C-5E13FF6A9D60}.Release|Any CPU.ActiveCfg = Release|Any CPU
		{99F2A620-3F8D-4B91-B81C-5E13FF6A9D60}.Release|Any CPU.Build.0 = Release|Any CPU
	EndGlobalSection
	GlobalSection(SolutionProperties) = preSolution
		HideSolutionNode = FALSE
	EndGlobalSection
	GlobalSection(ExtensibilityGlobals) = postSolution
		SolutionGuid = {FE88A80B-154D-4FB6-9E78-735A72B48B74}
	EndGlobalSection
EndGlobal
